
Microsoft Visual Studio Solution File, Format Version 12.00
# Visual Studio 14
VisualStudioVersion = 14.0.22310.1
MinimumVisualStudioVersion = 10.0.40219.1
Project("{FAE04EC0-301F-11D3-BF4B-00C04F79EFBC}") = "QuasiXml", "QuasiXml\QuasiXml.csproj", "{10CBF872-6537-4215-9C19-A3551332D5EE}"
EndProject
Project("{FAE04EC0-301F-11D3-BF4B-00C04F79EFBC}") = "QuasiXmlTests", "QuasiXmlTest\QuasiXmlTests.csproj", "{2C7C512A-DF29-411C-BF4A-E999B27035C2}"
EndProject
Global
	GlobalSection(SolutionConfigurationPlatforms) = preSolution
		Debug|Any CPU = Debug|Any CPU
		Release|Any CPU = Release|Any CPU
	EndGlobalSection
	GlobalSection(ProjectConfigurationPlatforms) = postSolution
		{10CBF872-6537-4215-9C19-A3551332D5EE}.Debug|Any CPU.ActiveCfg = Debug|Any CPU
		{10CBF872-6537-4215-9C19-A3551332D5EE}.Debug|Any CPU.Build.0 = Debug|Any CPU
		{10CBF872-6537-4215-9C19-A3551332D5EE}.Release|Any CPU.ActiveCfg = Release|Any CPU
		{10CBF872-6537-4215-9C19-A3551332D5EE}.Release|Any CPU.Build.0 = Release|Any CPU
		{2C7C512A-DF29-411C-BF4A-E999B27035C2}.Debug|Any CPU.ActiveCfg = Debug|Any CPU
		{2C7C512A-DF29-411C-BF4A-E999B27035C2}.Debug|Any CPU.Build.0 = Debug|Any CPU
		{2C7C512A-DF29-411C-BF4A-E999B27035C2}.Release|Any CPU.ActiveCfg = Release|Any CPU
		{2C7C512A-DF29-411C-BF4A-E999B27035C2}.Release|Any CPU.Build.0 = Release|Any CPU
	EndGlobalSection
	GlobalSection(SolutionProperties) = preSolution
		HideSolutionNode = FALSE
	EndGlobalSection
	GlobalSection(TeamFoundationVersionControl) = preSolution
		SccNumberOfProjects = 3
		SccEnterpriseProvider = {4CA58AB2-18FA-4F8D-95D4-32DDF27D184C}
		SccTeamFoundationServer = https://tfs.codeplex.com/tfs/tfs15
		SccLocalPath0 = .
		SccProjectUniqueName1 = QuasiXml\\QuasiXml.csproj
		SccProjectName1 = QuasiXml
		SccLocalPath1 = QuasiXml
		SccProjectUniqueName2 = QuasiXmlTest\\QuasiXmlTests.csproj
		SccProjectName2 = QuasiXmlTest
		SccLocalPath2 = QuasiXmlTest
	EndGlobalSection
EndGlobal
